
Microsoft Visual Studio Solution File, Format Version 12.00
# Visual Studio 15
VisualStudioVersion = 15.0.26730.10
MinimumVisualStudioVersion = 10.0.40219.1
Project("{FAE04EC0-301F-11D3-BF4B-00C04F79EFBC}") = "ImgZipDemo", "ImgZipDemo\ImgZipDemo.csproj", "{1F69B6F1-6920-45FC-BF2D-633CE4A550D1}"
EndProject
Project("{FAE04EC0-301F-11D3-BF4B-00C04F79EFBC}") = "ThreadDemo", "ThreadDemo\ThreadDemo.csproj", "{A9F3D4A4-80DB-4DF3-98C5-97A42790BE24}"
EndProject
Project("{FAE04EC0-301F-11D3-BF4B-00C04F79EFBC}") = "ParalelDemo", "ParalelDemo\ParalelDemo.csproj", "{733FFDDE-8F7F-4F3E-9E55-3E9E7F691882}"
EndProject
Global
	GlobalSection(SolutionConfigurationPlatforms) = preSolution
		Debug|Any CPU = Debug|Any CPU
		Release|Any CPU = Release|Any CPU
	EndGlobalSection
	GlobalSection(ProjectConfigurationPlatforms) = postSolution
		{1F69B6F1-6920-45FC-BF2D-633CE4A550D1}.Debug|Any CPU.ActiveCfg = Debug|Any CPU
		{1F69B6F1-6920-45FC-BF2D-633CE4A550D1}.Debug|Any CPU.Build.0 = Debug|Any CPU
		{1F69B6F1-6920-45FC-BF2D-633CE4A550D1}.Release|Any CPU.ActiveCfg = Release|Any CPU
		{1F69B6F1-6920-45FC-BF2D-633CE4A550D1}.Release|Any CPU.Build.0 = Release|Any CPU
		{A9F3D4A4-80DB-4DF3-98C5-97A42790BE24}.Debug|Any CPU.ActiveCfg = Debug|Any CPU
		{A9F3D4A4-80DB-4DF3-98C5-97A42790BE24}.Debug|Any CPU.Build.0 = Debug|Any CPU
		{A9F3D4A4-80DB-4DF3-98C5-97A42790BE24}.Release|Any CPU.ActiveCfg = Release|Any CPU
		{A9F3D4A4-80DB-4DF3-98C5-97A42790BE24}.Release|Any CPU.Build.0 = Release|Any CPU
		{733FFDDE-8F7F-4F3E-9E55-3E9E7F691882}.Debug|Any CPU.ActiveCfg = Debug|Any CPU
		{733FFDDE-8F7F-4F3E-9E55-3E9E7F691882}.Debug|Any CPU.Build.0 = Debug|Any CPU
		{733FFDDE-8F7F-4F3E-9E55-3E9E7F691882}.Release|Any CPU.ActiveCfg = Release|Any CPU
		{733FFDDE-8F7F-4F3E-9E55-3E9E7F691882}.Release|Any CPU.Build.0 = Release|Any CPU
	EndGlobalSection
	GlobalSection(SolutionProperties) = preSolution
		HideSolutionNode = FALSE
	EndGlobalSection
	GlobalSection(ExtensibilityGlobals) = postSolution
		SolutionGuid = {9C0B65DD-BEEA-4E88-94EE-C3A11AA0A002}
	EndGlobalSection
EndGlobal
